
Microsoft Visual Studio Solution File, Format Version 12.00
# Visual Studio Version 16
VisualStudioVersion = 16.0.30804.86
MinimumVisualStudioVersion = 10.0.40219.1
Project("{FAE04EC0-301F-11D3-BF4B-00C04F79EFBC}") = "DiscordBot", "DiscordBot\DiscordBot.csproj", "{DE0964DD-B2A3-49BA-82E0-515E07233DE8}"
EndProject
Global
	GlobalSection(SolutionConfigurationPlatforms) = preSolution
		Debug|Any CPU = Debug|Any CPU
		Release|Any CPU = Release|Any CPU
	EndGlobalSection
	GlobalSection(ProjectConfigurationPlatforms) = postSolution
		{DE0964DD-B2A3-49BA-82E0-515E07233DE8}.Debug|Any CPU.ActiveCfg = Debug|Any CPU
		{DE0964DD-B2A3-49BA-82E0-515E07233DE8}.Debug|Any CPU.Build.0 = Debug|Any CPU
		{DE0964DD-B2A3-49BA-82E0-515E07233DE8}.Release|Any CPU.ActiveCfg = Release|Any CPU
		{DE0964DD-B2A3-49BA-82E0-515E07233DE8}.Release|Any CPU.Build.0 = Release|Any CPU
	EndGlobalSection
	GlobalSection(SolutionProperties) = preSolution
		HideSolutionNode = FALSE
	EndGlobalSection
	GlobalSection(ExtensibilityGlobals) = postSolution
		SolutionGuid = {4FE17D9E-37D2-4AAE-9EAA-2DF8307F5146}
	EndGlobalSection
EndGlobal
